github.com/Ptt-official-app/go-bbs v0.3.3 h1:0vMrh9LjwY9pVnAQBHNw8ZQs/EomcDajamHS4cV4raI=
github.com/Ptt-official-app/go-bbs v0.3.3/go.mod h1:GIvqHmbZxpDvbs4K75xKyvbttkNFHotZtinN4hBSl6g=
github.com/Ptt-official-app/go-bbs v0.5.0 h1:rfn9TuAcrUQLeV0eXM3wgynfu463XM7D7hGAa4NuoWo=
github.com/Ptt-official-app/go-bbs v0.5.0/go.mod h1:GIvqHmbZxpDvbs4K75xKyvbttkNFHotZtinN4hBSl6g=
github.com/Ptt-official-app/go-bbs v0.6.0 h1:RdszUJiYSscvqmToNsRW4bK3r/iaqQWynwls+CYznoM=
github.com/Ptt-official-app/go-bbs v0.6.0/go.mod h1:GIvqHmbZxpDvbs4K75xKyvbttkNFHotZtinN4hBSl6g=
github.com/Ptt-official-app/go-bbs v0.7.0 h1:KRlFcAmZpyoXRGSv/9MMLIrUmmVG0XTcTi8ySzhgn/4=
github.com/Ptt-official-app/go-bbs v0.7.0/go.mod h1:GIvqHmbZxpDvbs4K75xKyvbttkNFHotZtinN4hBSl6g=
github.com/Ptt-official-app/go-bbs v0.8.0 h1:iB3Q+x/SHF4A0nPyxeRIYRT1OyrMREKaoV/Jul9ozvw=
github.com/Ptt-official-app/go-bbs v0.8.0/go.mod h1:GIvqHmbZxpDvbs4K75xKyvbttkNFHotZtinN4hBSl6g=
github.com/Ptt-official-app/go-bbs v0.10.2 h1:gChx9wVjeHVh2UXqB83Di+1Ow9vU6dzRcoCF5E4BP6k=
github.com/Ptt-official-app/go-bbs v0.10.2/go.mod h1:GIvqHmbZxpDvbs4K75xKyvbttkNFHotZtinN4hBSl6g=
github.com/davecgh/go-spew v1.1.1 h1:vj9j/u1bqnvCEfJOwUhtlOARqs3+rkHYY13jYWTU97c=
github.com/davecgh/go-spew v1.1.1/go.mod h1:J7Y8YcW2NihsgmVo/mv3lAwl/skON4iLHjSsI+c5H38=
github.com/dgrijalva/jwt-go v3.2.0+incompatible h1:7qlOGliEKZXTDg6OTjfoBKDXWrumCAMpl/TFQ4/5kLM=
github.com/dgrijalva/jwt-go v3.2.0+incompatible/go.mod h1:E3ru+11k8xSBh+hMPgOLZmtrrCbhqsmaPHjLKYnJCaQ=
github.com/golang-jwt/jwt/v4 v4.0.0 h1:RAqyYixv1p7uEnocuy8P1nru5wprCh/MH2BIlW5z5/o=
github.com/golang-jwt/jwt/v4 v4.0.0/go.mod h1:/xlHOz8bRuivTWchD4jCa+NbatV+wEUSzwAxVc6locg=
github.com/pelletier/go-toml v1.8.1 h1:1Nf83orprkJyknT6h7zbuEGUEjcyVlCxSUGTENmNCRM=
github.com/pelletier/go-toml v1.8.1/go.mod h1:T2/BmBdy8dvIRq1a/8aqjN41wvWlN4lrapLU/GW4pbc=
golang.org/x/sys v0.0.0-20210124154548-22da62e12c0c h1:VwygUrnw9jn88c4u8GD3rZQbqrP/tgas88tPUbBxQrk=
golang.org/x/sys v0.0.0-20210124154548-22da62e12c0c/go.mod h1:h1NjWce9XRLGQEsW7wpKNCjG9DtNlClVuFLEZdDNbEs=
golang.org/x/text v0.3.3 h1:cokOdA+Jmi5PJGXLlLllQSgYigAEfHXJAERHVMaCc2k=
golang.org/x/text v0.3.3/go.mod h1:5Zoc/QRtKVWzQhOtBMvqHzDpF6irO9z98xDceosuGiQ=
golang.org/x/tools v0.0.0-20180917221912-90fa682c2a6e/go.mod h1:n7NCudcB/nEzxVGmLbDWY5pfWTLqBcC2KZ6jyYvM4mQ=
